{
  "object": {
    "pins": [
      {
        "package": "PythonKit",
        "repositoryURL": "https://github.com/pvieito/PythonKit.git",
        "state": {
          "branch": null,
          "revision": "8de2a3f1f8c1388e9fca84f192f96821d9ccd43d",
          "version": null
        }
      }
    ]
  },
  "version": 1
}
